# This file is automatically @generated by Cargo.
# It is not intended for manual editing.
version = 4

[[package]]
name = "uu_langpack"
version = "0.1.0"

[[patch.unused]]
name = "uu_decompressor_aplib"
version = "0.1.0"
source = "git+http://localhost:10003/uu/uu_decompressor_aplib.git#2adc429645833bccfc59f7df3a5f8b7e9f4115c8"
